Microsoft Visual Studio Solution File, Format Version 12.00
# Visual Studio 15
VisualStudioVersion = 15.0.26430.6
MinimumVisualStudioVersion = 10.0.40219.1
Project("{FAE04EC0-301F-11D3-BF4B-00C04F79EFBC}") = "GameEngine", "GameEngine\GameEngine.csproj", "{0F5158A4-B6CE-4594-9C1E-76F65D9810B2}"
EndProject
Project("{FAE04EC0-301F-11D3-BF4B-00C04F79EFBC}") = "FrontEnd", "FrontEnd\FrontEnd.csproj", "{1DD6EEA4-BEE8-428B-94DD-3ACB6A1FA88A}"
EndProject
Global
	GlobalSection(SolutionConfigurationPlatforms) = preSolution
		Debug|Any CPU = Debug|Any CPU
		Release|Any CPU = Release|Any CPU
	EndGlobalSection
	GlobalSection(ProjectConfigurationPlatforms) = postSolution
		{0F5158A4-B6CE-4594-9C1E-76F65D9810B2}.Debug|Any CPU.ActiveCfg = Debug|Any CPU
		{0F5158A4-B6CE-4594-9C1E-76F65D9810B2}.Debug|Any CPU.Build.0 = Debug|Any CPU
		{0F5158A4-B6CE-4594-9C1E-76F65D9810B2}.Release|Any CPU.ActiveCfg = Release|Any CPU
		{0F5158A4-B6CE-4594-9C1E-76F65D9810B2}.Release|Any CPU.Build.0 = Release|Any CPU
		{1DD6EEA4-BEE8-428B-94DD-3ACB6A1FA88A}.Debug|Any CPU.ActiveCfg = Debug|Any CPU
		{1DD6EEA4-BEE8-428B-94DD-3ACB6A1FA88A}.Debug|Any CPU.Build.0 = Debug|Any CPU
		{1DD6EEA4-BEE8-428B-94DD-3ACB6A1FA88A}.Release|Any CPU.ActiveCfg = Release|Any CPU
		{1DD6EEA4-BEE8-428B-94DD-3ACB6A1FA88A}.Release|Any CPU.Build.0 = Release|Any CPU
	EndGlobalSection
	GlobalSection(SolutionProperties) = preSolution
		HideSolutionNode = FALSE
	EndGlobalSection
EndGlobal
